{
    "name": "node-red-contrib-sensehat-status",
    "version": "0.0.1",
    "lockfileVersion": 1,
    "requires": true,
    "dependencies": {
        "node-red-node-pi-sense-hat": {
            "version": "0.0.18",
            "resolved": "https://registry.npmjs.org/node-red-node-pi-sense-hat/-/node-red-node-pi-sense-hat-0.0.18.tgz",
            "integrity": "sha512-2Fl2rU6YGYQ37DDIUypD1BGNoWFAULh+h2aw94uutmK1Mpvdylm88q8Qm4ySj5VIJKTiptK/u71hULE7TGoH0g=="
        }
    }
}
